# This file is automatically @generated by Cargo.
# It is not intended for manual editing.
[[package]]
name = "bitflags"
version = "1.1.0"
source = "registry+https://github.com/rust-lang/crates.io-index"

[[package]]
name = "const_assert"
version = "0.1.0"

[[package]]
name = "io"
version = "0.1.0"

[[package]]
name = "irq"
version = "0.1.0"

[[package]]
name = "kernel_modules"
version = "0.1.0"
dependencies = [
 "irq 0.1.0",
 "messaging 0.1.0",
]

[[package]]
name = "key"
version = "0.1.0"
dependencies = [
 "kernel_modules 0.1.0",
 "keyboard 0.1.0",
 "lazy_static 1.4.0 (registry+https://github.com/rust-lang/crates.io-index)",
 "messaging 0.1.0",
]

[[package]]
name = "keyboard"
version = "0.1.0"
dependencies = [
 "io 0.1.0",
]

[[package]]
name = "lazy_static"
version = "1.4.0"
source = "registry+https://github.com/rust-lang/crates.io-index"
dependencies = [
 "spin 0.5.2 (registry+https://github.com/rust-lang/crates.io-index)",
]

[[package]]
name = "libc_binding"
version = "0.1.0"
dependencies = [
 "bitflags 1.1.0 (registry+https://github.com/rust-lang/crates.io-index)",
 "const_assert 0.1.0",
]

[[package]]
name = "lock_api"
version = "0.1.5"
source = "registry+https://github.com/rust-lang/crates.io-index"
dependencies = [
 "scopeguard 0.3.3 (registry+https://github.com/rust-lang/crates.io-index)",
]

[[package]]
name = "messaging"
version = "0.1.0"
dependencies = [
 "keyboard 0.1.0",
 "lazy_static 1.4.0 (registry+https://github.com/rust-lang/crates.io-index)",
 "libc_binding 0.1.0",
 "sync 0.1.0",
]

[[package]]
name = "scopeguard"
version = "0.3.3"
source = "registry+https://github.com/rust-lang/crates.io-index"

[[package]]
name = "spin"
version = "0.5.2"
source = "registry+https://github.com/rust-lang/crates.io-index"

[[package]]
name = "sync"
version = "0.1.0"
dependencies = [
 "lock_api 0.1.5 (registry+https://github.com/rust-lang/crates.io-index)",
]

[metadata]
"checksum bitflags 1.1.0 (registry+https://github.com/rust-lang/crates.io-index)" = "3d155346769a6855b86399e9bc3814ab343cd3d62c7e985113d46a0ec3c281fd"
"checksum lazy_static 1.4.0 (registry+https://github.com/rust-lang/crates.io-index)" = "e2abad23fbc42b3700f2f279844dc832adb2b2eb069b2df918f455c4e18cc646"
"checksum lock_api 0.1.5 (registry+https://github.com/rust-lang/crates.io-index)" = "62ebf1391f6acad60e5c8b43706dde4582df75c06698ab44511d15016bc2442c"
"checksum scopeguard 0.3.3 (registry+https://github.com/rust-lang/crates.io-index)" = "94258f53601af11e6a49f722422f6e3425c52b06245a5cf9bc09908b174f5e27"
"checksum spin 0.5.2 (registry+https://github.com/rust-lang/crates.io-index)" = "6e63cff320ae2c57904679ba7cb63280a3dc4613885beafb148ee7bf9aa9042d"
