# This file is automatically @generated by Cargo.
# It is not intended for manual editing.
[[package]]
name = "io"
version = "0.1.0"

[[package]]
name = "kernel_modules"
version = "0.1.0"
dependencies = [
 "keyboard 0.1.0",
]

[[package]]
name = "key"
version = "0.1.0"
dependencies = [
 "kernel_modules 0.1.0",
 "keyboard 0.1.0",
]

[[package]]
name = "keyboard"
version = "0.1.0"
dependencies = [
 "io 0.1.0",
]

